# This file is generated by running "yarn install" inside your project.
# Manual changes might be lost - proceed with caution!

__metadata:
  version: 10
  cacheKey: 10c0

"issue-quality-gate@workspace:.":
  version: 0.0.0-use.local
  resolution: "issue-quality-gate@workspace:."
  dependencies:
    yaml: "npm:^2.9.0"
  bin:
    issue-quality-gate: bin/cli.js
  languageName: unknown
  linkType: soft

"yaml@npm:^2.9.0":
  version: 2.9.0
  resolution: "yaml@npm:2.9.0"
  bin:
    yaml: bin.mjs
  checksum: 10c0/f340718df45e97a9551b9bf9dac61c80050bc464513b710debfb5067c380c8472e3b67809cffacb4ab5ffb5e66ef9310816c88b05f371cec60abfedd8c88e0a2
  languageName: node
  linkType: hard
